
Microsoft Visual Studio Solution File, Format Version 12.00
# Visual Studio Version 16
VisualStudioVersion = 16.0.29424.173
MinimumVisualStudioVersion = 10.0.40219.1
Project("{FAE04EC0-301F-11D3-BF4B-00C04F79EFBC}") = "DataGrid", "DataGrid\DataGrid.csproj", "{125D4EA2-1472-4535-B405-243B7410398B}"
EndProject
Project("{FAE04EC0-301F-11D3-BF4B-00C04F79EFBC}") = "EmployeeCreator", "EmployeeCreator\EmployeeCreator.csproj", "{06BF15CC-A40E-4049-98A2-4B888B960F58}"
EndProject
Project("{FAE04EC0-301F-11D3-BF4B-00C04F79EFBC}") = "WindowNewEmployee", "WindowNewEmployee\WindowNewEmployee.csproj", "{F6D896F6-6A0E-42AF-9FC1-31A29F89129E}"
EndProject
Global
	GlobalSection(SolutionConfigurationPlatforms) = preSolution
		Debug|Any CPU = Debug|Any CPU
		Release|Any CPU = Release|Any CPU
	EndGlobalSection
	GlobalSection(ProjectConfigurationPlatforms) = postSolution
		{125D4EA2-1472-4535-B405-243B7410398B}.Debug|Any CPU.ActiveCfg = Debug|Any CPU
		{125D4EA2-1472-4535-B405-243B7410398B}.Debug|Any CPU.Build.0 = Debug|Any CPU
		{125D4EA2-1472-4535-B405-243B7410398B}.Release|Any CPU.ActiveCfg = Release|Any CPU
		{125D4EA2-1472-4535-B405-243B7410398B}.Release|Any CPU.Build.0 = Release|Any CPU
		{06BF15CC-A40E-4049-98A2-4B888B960F58}.Debug|Any CPU.ActiveCfg = Debug|Any CPU
		{06BF15CC-A40E-4049-98A2-4B888B960F58}.Debug|Any CPU.Build.0 = Debug|Any CPU
		{06BF15CC-A40E-4049-98A2-4B888B960F58}.Release|Any CPU.ActiveCfg = Release|Any CPU
		{06BF15CC-A40E-4049-98A2-4B888B960F58}.Release|Any CPU.Build.0 = Release|Any CPU
		{F6D896F6-6A0E-42AF-9FC1-31A29F89129E}.Debug|Any CPU.ActiveCfg = Debug|Any CPU
		{F6D896F6-6A0E-42AF-9FC1-31A29F89129E}.Debug|Any CPU.Build.0 = Debug|Any CPU
		{F6D896F6-6A0E-42AF-9FC1-31A29F89129E}.Release|Any CPU.ActiveCfg = Release|Any CPU
		{F6D896F6-6A0E-42AF-9FC1-31A29F89129E}.Release|Any CPU.Build.0 = Release|Any CPU
	EndGlobalSection
	GlobalSection(SolutionProperties) = preSolution
		HideSolutionNode = FALSE
	EndGlobalSection
	GlobalSection(ExtensibilityGlobals) = postSolution
		SolutionGuid = {0548BC7D-032A-45D4-B37C-2AB9C757CD08}
	EndGlobalSection
EndGlobal
